
Microsoft Visual Studio Solution File, Format Version 12.00
# Visual Studio Version 16
VisualStudioVersion = 16.0.31005.135
MinimumVisualStudioVersion = 10.0.40219.1
Project("{9A19103F-16F7-4668-BE54-9A1E7A4F7556}") = "Sellars.Transit.Tests", "Transit.Tests\Sellars.Transit.Tests.csproj", "{0A95E77B-6676-42A4-9BEB-C90295E1079D}"
EndProject
Project("{2150E333-8FDC-42A3-9474-1A3956D46DE8}") = ".nuget", ".nuget", "{B6A849E4-7023-4680-B15A-A08A5420B42A}"
	ProjectSection(SolutionItems) = preProject
		.nuget\NuGet.Config = .nuget\NuGet.Config
		.nuget\NuGet.exe = .nuget\NuGet.exe
		.nuget\NuGet.targets = .nuget\NuGet.targets
	EndProjectSection
EndProject
Project("{9A19103F-16F7-4668-BE54-9A1E7A4F7556}") = "Sellars.Transit.Alpha", "Transit\Sellars.Transit.Alpha.csproj", "{4BB97BD9-8643-4BEF-B634-F808D66084E4}"
EndProject
Project("{9A19103F-16F7-4668-BE54-9A1E7A4F7556}") = "Transit.RoundTrip", "Transit.RoundTrip\src\TransitTool\Transit.RoundTrip.csproj", "{502F2FD6-2BB0-41E0-884C-26CA91676551}"
EndProject
Project("{9A19103F-16F7-4668-BE54-9A1E7A4F7556}") = "TimeExecution", "TimeExecution\TimeExecution.csproj", "{F2F95232-84E9-4E4B-ADC5-93CA7FF4C8D2}"
EndProject
Project("{2150E333-8FDC-42A3-9474-1A3956D46DE8}") = "Solution Items", "Solution Items", "{2244E7B0-24D5-48C4-B4BC-02401327EC06}"
	ProjectSection(SolutionItems) = preProject
		..\README.md = ..\README.md
	EndProjectSection
EndProject
Project("{9A19103F-16F7-4668-BE54-9A1E7A4F7556}") = "Sellars.Transit.Utf8.Alpha", "Transit.Utf8\Sellars.Transit.Utf8.Alpha.csproj", "{F0FCB675-4A4C-47E6-8FB1-75EC09B5C42D}"
EndProject
Global
	GlobalSection(SolutionConfigurationPlatforms) = preSolution
		Debug|Any CPU = Debug|Any CPU
		Release|Any CPU = Release|Any CPU
	EndGlobalSection
	GlobalSection(ProjectConfigurationPlatforms) = postSolution
		{0A95E77B-6676-42A4-9BEB-C90295E1079D}.Debug|Any CPU.ActiveCfg = Debug|Any CPU
		{0A95E77B-6676-42A4-9BEB-C90295E1079D}.Debug|Any CPU.Build.0 = Debug|Any CPU
		{0A95E77B-6676-42A4-9BEB-C90295E1079D}.Release|Any CPU.ActiveCfg = Release|Any CPU
		{0A95E77B-6676-42A4-9BEB-C90295E1079D}.Release|Any CPU.Build.0 = Release|Any CPU
		{4BB97BD9-8643-4BEF-B634-F808D66084E4}.Debug|Any CPU.ActiveCfg = Debug|Any CPU
		{4BB97BD9-8643-4BEF-B634-F808D66084E4}.Debug|Any CPU.Build.0 = Debug|Any CPU
		{4BB97BD9-8643-4BEF-B634-F808D66084E4}.Release|Any CPU.ActiveCfg = Release|Any CPU
		{4BB97BD9-8643-4BEF-B634-F808D66084E4}.Release|Any CPU.Build.0 = Release|Any CPU
		{502F2FD6-2BB0-41E0-884C-26CA91676551}.Debug|Any CPU.ActiveCfg = Debug|Any CPU
		{502F2FD6-2BB0-41E0-884C-26CA91676551}.Debug|Any CPU.Build.0 = Debug|Any CPU
		{502F2FD6-2BB0-41E0-884C-26CA91676551}.Release|Any CPU.ActiveCfg = Release|Any CPU
		{502F2FD6-2BB0-41E0-884C-26CA91676551}.Release|Any CPU.Build.0 = Release|Any CPU
		{F2F95232-84E9-4E4B-ADC5-93CA7FF4C8D2}.Debug|Any CPU.ActiveCfg = Debug|Any CPU
		{F2F95232-84E9-4E4B-ADC5-93CA7FF4C8D2}.Debug|Any CPU.Build.0 = Debug|Any CPU
		{F2F95232-84E9-4E4B-ADC5-93CA7FF4C8D2}.Release|Any CPU.ActiveCfg = Release|Any CPU
		{F2F95232-84E9-4E4B-ADC5-93CA7FF4C8D2}.Release|Any CPU.Build.0 = Release|Any CPU
		{F0FCB675-4A4C-47E6-8FB1-75EC09B5C42D}.Debug|Any CPU.ActiveCfg = Debug|Any CPU
		{F0FCB675-4A4C-47E6-8FB1-75EC09B5C42D}.Debug|Any CPU.Build.0 = Debug|Any CPU
		{F0FCB675-4A4C-47E6-8FB1-75EC09B5C42D}.Release|Any CPU.ActiveCfg = Release|Any CPU
		{F0FCB675-4A4C-47E6-8FB1-75EC09B5C42D}.Release|Any CPU.Build.0 = Release|Any CPU
	EndGlobalSection
	GlobalSection(SolutionProperties) = preSolution
		HideSolutionNode = FALSE
	EndGlobalSection
	GlobalSection(ExtensibilityGlobals) = postSolution
		SolutionGuid = {D81116D3-D196-4F02-8D34-ED177158B97E}
	EndGlobalSection
EndGlobal
